
Microsoft Visual Studio Solution File, Format Version 12.00
# Visual Studio Version 17
VisualStudioVersion = 17.9.34723.18
MinimumVisualStudioVersion = 10.0.40219.1
Project("{9A19103F-16F7-4668-BE54-9A1E7A4F7556}") = "Broxel.Logger.Web", "Broxel.Logger.Web\Broxel.Logger.Web.csproj", "{27BAFE9B-ADA6-4F3B-A17D-EE895C00B2BE}"
EndProject
Project("{9A19103F-16F7-4668-BE54-9A1E7A4F7556}") = "Broxel.Test", "Broxel.Test\Broxel.Test.csproj", "{7DC4B286-820B-467F-B51A-A70AE9438112}"
EndProject
Project("{FAE04EC0-301F-11D3-BF4B-00C04F79EFBC}") = "Broxel.Test.1", "Broxel.Test.1\Broxel.Test.1.csproj", "{BC3BB86D-570E-416A-A698-376FA526B5AE}"
EndProject
Global
	GlobalSection(SolutionConfigurationPlatforms) = preSolution
		Debug|Any CPU = Debug|Any CPU
		Release|Any CPU = Release|Any CPU
	EndGlobalSection
	GlobalSection(ProjectConfigurationPlatforms) = postSolution
		{27BAFE9B-ADA6-4F3B-A17D-EE895C00B2BE}.Debug|Any CPU.ActiveCfg = Debug|Any CPU
		{27BAFE9B-ADA6-4F3B-A17D-EE895C00B2BE}.Debug|Any CPU.Build.0 = Debug|Any CPU
		{27BAFE9B-ADA6-4F3B-A17D-EE895C00B2BE}.Release|Any CPU.ActiveCfg = Release|Any CPU
		{27BAFE9B-ADA6-4F3B-A17D-EE895C00B2BE}.Release|Any CPU.Build.0 = Release|Any CPU
		{7DC4B286-820B-467F-B51A-A70AE9438112}.Debug|Any CPU.ActiveCfg = Debug|Any CPU
		{7DC4B286-820B-467F-B51A-A70AE9438112}.Debug|Any CPU.Build.0 = Debug|Any CPU
		{7DC4B286-820B-467F-B51A-A70AE9438112}.Release|Any CPU.ActiveCfg = Release|Any CPU
		{7DC4B286-820B-467F-B51A-A70AE9438112}.Release|Any CPU.Build.0 = Release|Any CPU
		{BC3BB86D-570E-416A-A698-376FA526B5AE}.Debug|Any CPU.ActiveCfg = Debug|Any CPU
		{BC3BB86D-570E-416A-A698-376FA526B5AE}.Debug|Any CPU.Build.0 = Debug|Any CPU
		{BC3BB86D-570E-416A-A698-376FA526B5AE}.Release|Any CPU.ActiveCfg = Release|Any CPU
		{BC3BB86D-570E-416A-A698-376FA526B5AE}.Release|Any CPU.Build.0 = Release|Any CPU
	EndGlobalSection
	GlobalSection(SolutionProperties) = preSolution
		HideSolutionNode = FALSE
	EndGlobalSection
	GlobalSection(ExtensibilityGlobals) = postSolution
		SolutionGuid = {B1BABABD-F733-4CDD-BACB-7F311F89E8E6}
	EndGlobalSection
EndGlobal
